
Microsoft Visual Studio Solution File, Format Version 12.00
# Visual Studio 15
VisualStudioVersion = 15.0.27703.2000
MinimumVisualStudioVersion = 10.0.40219.1
Project("{FAE04EC0-301F-11D3-BF4B-00C04F79EFBC}") = "SerialaizerTask", "SerialaizerTask\SerialaizerTask.csproj", "{DFA7BEFE-0242-4CCD-98AF-119E567EA299}"
EndProject
Global
	GlobalSection(SolutionConfigurationPlatforms) = preSolution
		Debug|Any CPU = Debug|Any CPU
		Release|Any CPU = Release|Any CPU
	EndGlobalSection
	GlobalSection(ProjectConfigurationPlatforms) = postSolution
		{DFA7BEFE-0242-4CCD-98AF-119E567EA299}.Debug|Any CPU.ActiveCfg = Debug|Any CPU
		{DFA7BEFE-0242-4CCD-98AF-119E567EA299}.Debug|Any CPU.Build.0 = Debug|Any CPU
		{DFA7BEFE-0242-4CCD-98AF-119E567EA299}.Release|Any CPU.ActiveCfg = Release|Any CPU
		{DFA7BEFE-0242-4CCD-98AF-119E567EA299}.Release|Any CPU.Build.0 = Release|Any CPU
	EndGlobalSection
	GlobalSection(SolutionProperties) = preSolution
		HideSolutionNode = FALSE
	EndGlobalSection
	GlobalSection(ExtensibilityGlobals) = postSolution
		SolutionGuid = {77DACEB6-EF24-4D16-B685-CB7EEFB7ABC7}
	EndGlobalSection
EndGlobal
